
Microsoft Visual Studio Solution File, Format Version 12.00
# Visual Studio Version 17
VisualStudioVersion = 17.3.32825.248
MinimumVisualStudioVersion = 10.0.40219.1
Project("{FAE04EC0-301F-11D3-BF4B-00C04F79EFBC}") = "classwork 10.09.2022", "tumakovlaba\classwork 10.09.2022.csproj", "{AB12BED7-5CD7-4300-A3BB-E4E9DDF18CC5}"
EndProject
Project("{FAE04EC0-301F-11D3-BF4B-00C04F79EFBC}") = "homw", "homework\homw.csproj", "{E7783FC0-664C-4910-ACB7-861542B7942D}"
EndProject
Global
	GlobalSection(SolutionConfigurationPlatforms) = preSolution
		Debug|Any CPU = Debug|Any CPU
		Release|Any CPU = Release|Any CPU
	EndGlobalSection
	GlobalSection(ProjectConfigurationPlatforms) = postSolution
		{AB12BED7-5CD7-4300-A3BB-E4E9DDF18CC5}.Debug|Any CPU.ActiveCfg = Debug|Any CPU
		{AB12BED7-5CD7-4300-A3BB-E4E9DDF18CC5}.Debug|Any CPU.Build.0 = Debug|Any CPU
		{AB12BED7-5CD7-4300-A3BB-E4E9DDF18CC5}.Release|Any CPU.ActiveCfg = Release|Any CPU
		{AB12BED7-5CD7-4300-A3BB-E4E9DDF18CC5}.Release|Any CPU.Build.0 = Release|Any CPU
		{E7783FC0-664C-4910-ACB7-861542B7942D}.Debug|Any CPU.ActiveCfg = Debug|Any CPU
		{E7783FC0-664C-4910-ACB7-861542B7942D}.Debug|Any CPU.Build.0 = Debug|Any CPU
		{E7783FC0-664C-4910-ACB7-861542B7942D}.Release|Any CPU.ActiveCfg = Release|Any CPU
		{E7783FC0-664C-4910-ACB7-861542B7942D}.Release|Any CPU.Build.0 = Release|Any CPU
	EndGlobalSection
	GlobalSection(SolutionProperties) = preSolution
		HideSolutionNode = FALSE
	EndGlobalSection
	GlobalSection(ExtensibilityGlobals) = postSolution
		SolutionGuid = {7B19E035-DA9B-48CF-9417-FC3DD4C5E6B8}
	EndGlobalSection
EndGlobal
